Microsoft Visual Studio Solution File, Format Version 12.00
# Visual Studio 14
VisualStudioVersion = 14.0.25420.1
MinimumVisualStudioVersion = 10.0.40219.1
Project("{FAE04EC0-301F-11D3-BF4B-00C04F79EFBC}") = "MyIssues", "Core\MyIssues.csproj", "{0246AFCF-14B3-440A-8A7E-15CF8450B105}"
EndProject
Project("{FAE04EC0-301F-11D3-BF4B-00C04F79EFBC}") = "MyIssues.Droid", "Droid\MyIssues.Droid.csproj", "{CFFE289A-9C45-4752-8ED4-080C9CB17601}"
EndProject
Project("{FAE04EC0-301F-11D3-BF4B-00C04F79EFBC}") = "MyIssues.iOS", "iOS\MyIssues.iOS.csproj", "{72AF04A6-81BE-4A55-9912-4345AC6E3A51}"
EndProject
Project("{FAE04EC0-301F-11D3-BF4B-00C04F79EFBC}") = "MyIssues.Models", "Models\MyIssues.Models.csproj", "{140FA517-EF57-4377-9AF2-6AEDDA073C99}"
EndProject
Project("{FAE04EC0-301F-11D3-BF4B-00C04F79EFBC}") = "MyIssues.DataAccess", "DataAccess\MyIssues.DataAccess.csproj", "{89C8369B-EBA6-4110-A644-577FCC7EB6EE}"
EndProject
Project("{2150E333-8FDC-42A3-9474-1A3956D46DE8}") = "Backend", "Backend", "{524D0A69-D55B-452C-A0A4-13D16B9A8BF1}"
EndProject
Project("{FAE04EC0-301F-11D3-BF4B-00C04F79EFBC}") = "MyIssues.Util", "Util\MyIssues.Util.csproj", "{7F4856A4-B770-41DE-9988-FE0604D93052}"
EndProject
Global
	GlobalSection(SolutionConfigurationPlatforms) = preSolution
		Debug|Any CPU = Debug|Any CPU
		Debug|iPhone = Debug|iPhone
		Debug|iPhoneSimulator = Debug|iPhoneSimulator
		Release|Any CPU = Release|Any CPU
		Release|iPhone = Release|iPhone
		Release|iPhoneSimulator = Release|iPhoneSimulator
	EndGlobalSection
	GlobalSection(ProjectConfigurationPlatforms) = postSolution
		{0246AFCF-14B3-440A-8A7E-15CF8450B105}.Debug|Any CPU.ActiveCfg = Debug|Any CPU
		{0246AFCF-14B3-440A-8A7E-15CF8450B105}.Debug|Any CPU.Build.0 = Debug|Any CPU
		{0246AFCF-14B3-440A-8A7E-15CF8450B105}.Debug|iPhone.ActiveCfg = Debug|Any CPU
		{0246AFCF-14B3-440A-8A7E-15CF8450B105}.Debug|iPhone.Build.0 = Debug|Any CPU
		{0246AFCF-14B3-440A-8A7E-15CF8450B105}.Debug|iPhoneSimulator.ActiveCfg = Debug|Any CPU
		{0246AFCF-14B3-440A-8A7E-15CF8450B105}.Debug|iPhoneSimulator.Build.0 = Debug|Any CPU
		{0246AFCF-14B3-440A-8A7E-15CF8450B105}.Release|Any CPU.ActiveCfg = Release|Any CPU
		{0246AFCF-14B3-440A-8A7E-15CF8450B105}.Release|Any CPU.Build.0 = Release|Any CPU
		{0246AFCF-14B3-440A-8A7E-15CF8450B105}.Release|iPhone.ActiveCfg = Release|Any CPU
		{0246AFCF-14B3-440A-8A7E-15CF8450B105}.Release|iPhone.Build.0 = Release|Any CPU
		{0246AFCF-14B3-440A-8A7E-15CF8450B105}.Release|iPhoneSimulator.ActiveCfg = Release|Any CPU
		{0246AFCF-14B3-440A-8A7E-15CF8450B105}.Release|iPhoneSimulator.Build.0 = Release|Any CPU
		{CFFE289A-9C45-4752-8ED4-080C9CB17601}.Debug|Any CPU.ActiveCfg = Debug|Any CPU
		{CFFE289A-9C45-4752-8ED4-080C9CB17601}.Debug|Any CPU.Build.0 = Debug|Any CPU
		{CFFE289A-9C45-4752-8ED4-080C9CB17601}.Debug|Any CPU.Deploy.0 = Debug|Any CPU
		{CFFE289A-9C45-4752-8ED4-080C9CB17601}.Debug|iPhone.ActiveCfg = Debug|Any CPU
		{CFFE289A-9C45-4752-8ED4-080C9CB17601}.Debug|iPhone.Build.0 = Debug|Any CPU
		{CFFE289A-9C45-4752-8ED4-080C9CB17601}.Debug|iPhoneSimulator.ActiveCfg = Debug|Any CPU
		{CFFE289A-9C45-4752-8ED4-080C9CB17601}.Debug|iPhoneSimulator.Build.0 = Debug|Any CPU
		{CFFE289A-9C45-4752-8ED4-080C9CB17601}.Release|Any CPU.ActiveCfg = Release|Any CPU
		{CFFE289A-9C45-4752-8ED4-080C9CB17601}.Release|Any CPU.Build.0 = Release|Any CPU
		{CFFE289A-9C45-4752-8ED4-080C9CB17601}.Release|iPhone.ActiveCfg = Release|Any CPU
		{CFFE289A-9C45-4752-8ED4-080C9CB17601}.Release|iPhone.Build.0 = Release|Any CPU
		{CFFE289A-9C45-4752-8ED4-080C9CB17601}.Release|iPhoneSimulator.ActiveCfg = Release|Any CPU
		{CFFE289A-9C45-4752-8ED4-080C9CB17601}.Release|iPhoneSimulator.Build.0 = Release|Any CPU
		{72AF04A6-81BE-4A55-9912-4345AC6E3A51}.Debug|Any CPU.ActiveCfg = Debug|iPhoneSimulator
		{72AF04A6-81BE-4A55-9912-4345AC6E3A51}.Debug|Any CPU.Build.0 = Debug|iPhoneSimulator
		{72AF04A6-81BE-4A55-9912-4345AC6E3A51}.Debug|iPhone.ActiveCfg = Debug|iPhone
		{72AF04A6-81BE-4A55-9912-4345AC6E3A51}.Debug|iPhone.Build.0 = Debug|iPhone
		{72AF04A6-81BE-4A55-9912-4345AC6E3A51}.Debug|iPhoneSimulator.ActiveCfg = Debug|iPhoneSimulator
		{72AF04A6-81BE-4A55-9912-4345AC6E3A51}.Debug|iPhoneSimulator.Build.0 = Debug|iPhoneSimulator
		{72AF04A6-81BE-4A55-9912-4345AC6E3A51}.Release|Any CPU.ActiveCfg = Release|iPhone
		{72AF04A6-81BE-4A55-9912-4345AC6E3A51}.Release|Any CPU.Build.0 = Release|iPhone
		{72AF04A6-81BE-4A55-9912-4345AC6E3A51}.Release|iPhone.ActiveCfg = Release|iPhone
		{72AF04A6-81BE-4A55-9912-4345AC6E3A51}.Release|iPhone.Build.0 = Release|iPhone
		{72AF04A6-81BE-4A55-9912-4345AC6E3A51}.Release|iPhoneSimulator.ActiveCfg = Release|iPhoneSimulator
		{72AF04A6-81BE-4A55-9912-4345AC6E3A51}.Release|iPhoneSimulator.Build.0 = Release|iPhoneSimulator
		{140FA517-EF57-4377-9AF2-6AEDDA073C99}.Debug|Any CPU.ActiveCfg = Debug|Any CPU
		{140FA517-EF57-4377-9AF2-6AEDDA073C99}.Debug|Any CPU.Build.0 = Debug|Any CPU
		{140FA517-EF57-4377-9AF2-6AEDDA073C99}.Debug|iPhone.ActiveCfg = Debug|Any CPU
		{140FA517-EF57-4377-9AF2-6AEDDA073C99}.Debug|iPhone.Build.0 = Debug|Any CPU
		{140FA517-EF57-4377-9AF2-6AEDDA073C99}.Debug|iPhoneSimulator.ActiveCfg = Debug|Any CPU
		{140FA517-EF57-4377-9AF2-6AEDDA073C99}.Debug|iPhoneSimulator.Build.0 = Debug|Any CPU
		{140FA517-EF57-4377-9AF2-6AEDDA073C99}.Release|Any CPU.ActiveCfg = Release|Any CPU
		{140FA517-EF57-4377-9AF2-6AEDDA073C99}.Release|Any CPU.Build.0 = Release|Any CPU
		{140FA517-EF57-4377-9AF2-6AEDDA073C99}.Release|iPhone.ActiveCfg = Release|Any CPU
		{140FA517-EF57-4377-9AF2-6AEDDA073C99}.Release|iPhone.Build.0 = Release|Any CPU
		{140FA517-EF57-4377-9AF2-6AEDDA073C99}.Release|iPhoneSimulator.ActiveCfg = Release|Any CPU
		{140FA517-EF57-4377-9AF2-6AEDDA073C99}.Release|iPhoneSimulator.Build.0 = Release|Any CPU
		{89C8369B-EBA6-4110-A644-577FCC7EB6EE}.Debug|Any CPU.ActiveCfg = Debug|Any CPU
		{89C8369B-EBA6-4110-A644-577FCC7EB6EE}.Debug|Any CPU.Build.0 = Debug|Any CPU
		{89C8369B-EBA6-4110-A644-577FCC7EB6EE}.Debug|iPhone.ActiveCfg = Debug|Any CPU
		{89C8369B-EBA6-4110-A644-577FCC7EB6EE}.Debug|iPhone.Build.0 = Debug|Any CPU
		{89C8369B-EBA6-4110-A644-577FCC7EB6EE}.Debug|iPhoneSimulator.ActiveCfg = Debug|Any CPU
		{89C8369B-EBA6-4110-A644-577FCC7EB6EE}.Debug|iPhoneSimulator.Build.0 = Debug|Any CPU
		{89C8369B-EBA6-4110-A644-577FCC7EB6EE}.Release|Any CPU.ActiveCfg = Release|Any CPU
		{89C8369B-EBA6-4110-A644-577FCC7EB6EE}.Release|Any CPU.Build.0 = Release|Any CPU
		{89C8369B-EBA6-4110-A644-577FCC7EB6EE}.Release|iPhone.ActiveCfg = Release|Any CPU
		{89C8369B-EBA6-4110-A644-577FCC7EB6EE}.Release|iPhone.Build.0 = Release|Any CPU
		{89C8369B-EBA6-4110-A644-577FCC7EB6EE}.Release|iPhoneSimulator.ActiveCfg = Release|Any CPU
		{89C8369B-EBA6-4110-A644-577FCC7EB6EE}.Release|iPhoneSimulator.Build.0 = Release|Any CPU
		{7F4856A4-B770-41DE-9988-FE0604D93052}.Debug|Any CPU.ActiveCfg = Debug|Any CPU
		{7F4856A4-B770-41DE-9988-FE0604D93052}.Debug|Any CPU.Build.0 = Debug|Any CPU
		{7F4856A4-B770-41DE-9988-FE0604D93052}.Debug|iPhone.ActiveCfg = Debug|Any CPU
		{7F4856A4-B770-41DE-9988-FE0604D93052}.Debug|iPhone.Build.0 = Debug|Any CPU
		{7F4856A4-B770-41DE-9988-FE0604D93052}.Debug|iPhoneSimulator.ActiveCfg = Debug|Any CPU
		{7F4856A4-B770-41DE-9988-FE0604D93052}.Debug|iPhoneSimulator.Build.0 = Debug|Any CPU
		{7F4856A4-B770-41DE-9988-FE0604D93052}.Release|Any CPU.ActiveCfg = Release|Any CPU
		{7F4856A4-B770-41DE-9988-FE0604D93052}.Release|Any CPU.Build.0 = Release|Any CPU
		{7F4856A4-B770-41DE-9988-FE0604D93052}.Release|iPhone.ActiveCfg = Release|Any CPU
		{7F4856A4-B770-41DE-9988-FE0604D93052}.Release|iPhone.Build.0 = Release|Any CPU
		{7F4856A4-B770-41DE-9988-FE0604D93052}.Release|iPhoneSimulator.ActiveCfg = Release|Any CPU
		{7F4856A4-B770-41DE-9988-FE0604D93052}.Release|iPhoneSimulator.Build.0 = Release|Any CPU
	EndGlobalSection
	GlobalSection(SolutionProperties) = preSolution
		HideSolutionNode = FALSE
	EndGlobalSection
	GlobalSection(NestedProjects) = preSolution
		{0246AFCF-14B3-440A-8A7E-15CF8450B105} = {524D0A69-D55B-452C-A0A4-13D16B9A8BF1}
		{140FA517-EF57-4377-9AF2-6AEDDA073C99} = {524D0A69-D55B-452C-A0A4-13D16B9A8BF1}
		{89C8369B-EBA6-4110-A644-577FCC7EB6EE} = {524D0A69-D55B-452C-A0A4-13D16B9A8BF1}
		{7F4856A4-B770-41DE-9988-FE0604D93052} = {524D0A69-D55B-452C-A0A4-13D16B9A8BF1}
	EndGlobalSection
EndGlobal
